
Microsoft Visual Studio Solution File, Format Version 12.00
Project("{FAE04EC0-301F-11D3-BF4B-00C04F79EFBC}") = "dotnetWeb", "dotnetWeb\dotnetWeb.csproj", "{DE9D6909-7FA7-44BE-AB37-AC25187DF08B}"
EndProject
Global
	GlobalSection(SolutionConfigurationPlatforms) = preSolution
		Debug|Any CPU = Debug|Any CPU
		Release|Any CPU = Release|Any CPU
	EndGlobalSection
	GlobalSection(ProjectConfigurationPlatforms) = postSolution
		{DE9D6909-7FA7-44BE-AB37-AC25187DF08B}.Debug|Any CPU.ActiveCfg = Debug|Any CPU
		{DE9D6909-7FA7-44BE-AB37-AC25187DF08B}.Debug|Any CPU.Build.0 = Debug|Any CPU
		{DE9D6909-7FA7-44BE-AB37-AC25187DF08B}.Release|Any CPU.ActiveCfg = Release|Any CPU
		{DE9D6909-7FA7-44BE-AB37-AC25187DF08B}.Release|Any CPU.Build.0 = Release|Any CPU
	EndGlobalSection
EndGlobal
